Microsoft Visual Studio Solution File, Format Version 11.00
# Visual Studio 2008

Project("{6B2F5484-250A-B9E9-2F46-12A349DF57DD}") = "KodomoCraft", "Assembly-CSharp-firstpass.csproj", "{0B4EA82F-66DC-49FC-AACA-C38796A1C51D}"
EndProject
Project("{6B2F5484-250A-B9E9-2F46-12A349DF57DD}") = "KodomoCraft", "Assembly-CSharp-Editor-firstpass.csproj", "{231246E0-457B-3AD7-50F6-015FF2474EDD}"
EndProject
Global
	GlobalSection(SolutionConfigurationPlatforms) = preSolution
		Debug|Any CPU = Debug|Any CPU
		Release|Any CPU = Release|Any CPU
	EndGlobalSection
	GlobalSection(ProjectConfigurationPlatforms) = postSolution
		{0B4EA82F-66DC-49FC-AACA-C38796A1C51D}.Debug|Any CPU.ActiveCfg = Debug|Any CPU
		{0B4EA82F-66DC-49FC-AACA-C38796A1C51D}.Debug|Any CPU.Build.0 = Debug|Any CPU
		{0B4EA82F-66DC-49FC-AACA-C38796A1C51D}.Release|Any CPU.ActiveCfg = Release|Any CPU
		{0B4EA82F-66DC-49FC-AACA-C38796A1C51D}.Release|Any CPU.Build.0 = Release|Any CPU
		{231246E0-457B-3AD7-50F6-015FF2474EDD}.Debug|Any CPU.ActiveCfg = Debug|Any CPU
		{231246E0-457B-3AD7-50F6-015FF2474EDD}.Debug|Any CPU.Build.0 = Debug|Any CPU
		{231246E0-457B-3AD7-50F6-015FF2474EDD}.Release|Any CPU.ActiveCfg = Release|Any CPU
		{231246E0-457B-3AD7-50F6-015FF2474EDD}.Release|Any CPU.Build.0 = Release|Any CPU
	EndGlobalSection
	GlobalSection(SolutionProperties) = preSolution
		HideSolutionNode = FALSE
	EndGlobalSection
	GlobalSection(MonoDevelopProperties) = preSolution
		StartupItem = Assembly-CSharp.csproj
	EndGlobalSection
EndGlobal
